
Microsoft Visual Studio Solution File, Format Version 12.00
# Visual Studio Version 16
VisualStudioVersion = 16.0.33920.266
MinimumVisualStudioVersion = 10.0.40219.1
Project("{8BC9CEB8-8B4A-11D0-8D11-00A0C91BC942}") = "S", "S\S.vcxproj", "{F434635C-A4B9-4725-AFAC-BE7362BFCCEA}"
EndProject
Global
	GlobalSection(SolutionConfigurationPlatforms) = preSolution
		Debug|x64 = Debug|x64
		Debug|x86 = Debug|x86
		Release|x64 = Release|x64
		Release|x86 = Release|x86
	EndGlobalSection
	GlobalSection(ProjectConfigurationPlatforms) = postSolution
		{F434635C-A4B9-4725-AFAC-BE7362BFCCEA}.Debug|x64.ActiveCfg = Debug|x64
		{F434635C-A4B9-4725-AFAC-BE7362BFCCEA}.Debug|x64.Build.0 = Debug|x64
		{F434635C-A4B9-4725-AFAC-BE7362BFCCEA}.Debug|x86.ActiveCfg = Debug|Win32
		{F434635C-A4B9-4725-AFAC-BE7362BFCCEA}.Debug|x86.Build.0 = Debug|Win32
		{F434635C-A4B9-4725-AFAC-BE7362BFCCEA}.Release|x64.ActiveCfg = Release|x64
		{F434635C-A4B9-4725-AFAC-BE7362BFCCEA}.Release|x64.Build.0 = Release|x64
		{F434635C-A4B9-4725-AFAC-BE7362BFCCEA}.Release|x86.ActiveCfg = Release|Win32
		{F434635C-A4B9-4725-AFAC-BE7362BFCCEA}.Release|x86.Build.0 = Release|Win32
	EndGlobalSection
	GlobalSection(SolutionProperties) = preSolution
		HideSolutionNode = FALSE
	EndGlobalSection
	GlobalSection(ExtensibilityGlobals) = postSolution
		SolutionGuid = {CD66760F-14D0-4574-984E-98C5F48D82D2}
	EndGlobalSection
EndGlobal
