
Microsoft Visual Studio Solution File, Format Version 12.00
# Visual Studio Version 16
VisualStudioVersion = 16.0.33920.266
MinimumVisualStudioVersion = 10.0.40219.1
Project("{8BC9CEB8-8B4A-11D0-8D11-00A0C91BC942}") = "K", "K\K.vcxproj", "{053F84FF-63EB-4B00-88EC-E7AABB5EB5F7}"
EndProject
Global
	GlobalSection(SolutionConfigurationPlatforms) = preSolution
		Debug|x64 = Debug|x64
		Debug|x86 = Debug|x86
		Release|x64 = Release|x64
		Release|x86 = Release|x86
	EndGlobalSection
	GlobalSection(ProjectConfigurationPlatforms) = postSolution
		{053F84FF-63EB-4B00-88EC-E7AABB5EB5F7}.Debug|x64.ActiveCfg = Debug|x64
		{053F84FF-63EB-4B00-88EC-E7AABB5EB5F7}.Debug|x64.Build.0 = Debug|x64
		{053F84FF-63EB-4B00-88EC-E7AABB5EB5F7}.Debug|x86.ActiveCfg = Debug|Win32
		{053F84FF-63EB-4B00-88EC-E7AABB5EB5F7}.Debug|x86.Build.0 = Debug|Win32
		{053F84FF-63EB-4B00-88EC-E7AABB5EB5F7}.Release|x64.ActiveCfg = Release|x64
		{053F84FF-63EB-4B00-88EC-E7AABB5EB5F7}.Release|x64.Build.0 = Release|x64
		{053F84FF-63EB-4B00-88EC-E7AABB5EB5F7}.Release|x86.ActiveCfg = Release|Win32
		{053F84FF-63EB-4B00-88EC-E7AABB5EB5F7}.Release|x86.Build.0 = Release|Win32
	EndGlobalSection
	GlobalSection(SolutionProperties) = preSolution
		HideSolutionNode = FALSE
	EndGlobalSection
	GlobalSection(ExtensibilityGlobals) = postSolution
		SolutionGuid = {A01995C1-03DF-4EF2-BB4B-22F85B127AB0}
	EndGlobalSection
EndGlobal
